
Microsoft Visual Studio Solution File, Format Version 12.00
# Visual Studio 14
VisualStudioVersion = 14.0.25420.1
MinimumVisualStudioVersion = 10.0.40219.1
Project("{D954291E-2A0B-460D-934E-DC6B0785DB48}") = "NetStatus", "NetStatus\NetStatus\NetStatus.shproj", "{73C5ED5E-CF7C-438B-8A82-4CF2D6C2C7B5}"
EndProject
Project("{FAE04EC0-301F-11D3-BF4B-00C04F79EFBC}") = "NetStatus.Droid", "NetStatus\NetStatus.Droid\NetStatus.Droid.csproj", "{455F8F8C-2935-4A17-9C1F-CB6F28E4B358}"
EndProject
Project("{FAE04EC0-301F-11D3-BF4B-00C04F79EFBC}") = "NetStatus.iOS", "NetStatus\NetStatus.iOS\NetStatus.iOS.csproj", "{2B088DB0-56C8-4E34-A19A-8D2EE4D13819}"
EndProject
Project("{FAE04EC0-301F-11D3-BF4B-00C04F79EFBC}") = "NetStatus.WinPhone", "NetStatus\NetStatus.WinPhone\NetStatus.WinPhone.csproj", "{19C506ED-67F2-4A77-B15C-E3389976B69F}"
EndProject
Project("{FAE04EC0-301F-11D3-BF4B-00C04F79EFBC}") = "NetStatus.UWP", "NetStatus\NetStatus.UWP\NetStatus.UWP.csproj", "{90879C09-A560-441C-B68A-690C3359CA08}"
EndProject
Project("{FAE04EC0-301F-11D3-BF4B-00C04F79EFBC}") = "NetStatus.Windows", "NetStatus\NetStatus.Windows\NetStatus.Windows.csproj", "{DA9ADFB6-CAA4-40C5-AA82-3C51E8AADAA1}"
EndProject
Global
	GlobalSection(SharedMSBuildProjectFiles) = preSolution
		NetStatus\NetStatus\NetStatus.projitems*{19c506ed-67f2-4a77-b15c-e3389976b69f}*SharedItemsImports = 4
		NetStatus\NetStatus\NetStatus.projitems*{2b088db0-56c8-4e34-a19a-8d2ee4d13819}*SharedItemsImports = 4
		NetStatus\NetStatus\NetStatus.projitems*{455f8f8c-2935-4a17-9c1f-cb6f28e4b358}*SharedItemsImports = 4
		NetStatus\NetStatus\NetStatus.projitems*{73c5ed5e-cf7c-438b-8a82-4cf2d6c2c7b5}*SharedItemsImports = 13
		NetStatus\NetStatus\NetStatus.projitems*{90879c09-a560-441c-b68a-690c3359ca08}*SharedItemsImports = 4
		NetStatus\NetStatus\NetStatus.projitems*{da9adfb6-caa4-40c5-aa82-3c51e8aadaa1}*SharedItemsImports = 4
	EndGlobalSection
	GlobalSection(SolutionConfigurationPlatforms) = preSolution
		Ad-Hoc|Any CPU = Ad-Hoc|Any CPU
		Ad-Hoc|ARM = Ad-Hoc|ARM
		Ad-Hoc|iPhone = Ad-Hoc|iPhone
		Ad-Hoc|iPhoneSimulator = Ad-Hoc|iPhoneSimulator
		Ad-Hoc|x64 = Ad-Hoc|x64
		Ad-Hoc|x86 = Ad-Hoc|x86
		AppStore|Any CPU = AppStore|Any CPU
		AppStore|ARM = AppStore|ARM
		AppStore|iPhone = AppStore|iPhone
		AppStore|iPhoneSimulator = AppStore|iPhoneSimulator
		AppStore|x64 = AppStore|x64
		AppStore|x86 = AppStore|x86
		Debug|Any CPU = Debug|Any CPU
		Debug|ARM = Debug|ARM
		Debug|iPhone = Debug|iPhone
		Debug|iPhoneSimulator = Debug|iPhoneSimulator
		Debug|x64 = Debug|x64
		Debug|x86 = Debug|x86
		Release|Any CPU = Release|Any CPU
		Release|ARM = Release|ARM
		Release|iPhone = Release|iPhone
		Release|iPhoneSimulator = Release|iPhoneSimulator
		Release|x64 = Release|x64
		Release|x86 = Release|x86
	EndGlobalSection
	GlobalSection(ProjectConfigurationPlatforms) = postSolution
		{455F8F8C-2935-4A17-9C1F-CB6F28E4B358}.Ad-Hoc|Any CPU.ActiveCfg = Release|Any CPU
		{455F8F8C-2935-4A17-9C1F-CB6F28E4B358}.Ad-Hoc|Any CPU.Build.0 = Release|Any CPU
		{455F8F8C-2935-4A17-9C1F-CB6F28E4B358}.Ad-Hoc|Any CPU.Deploy.0 = Release|Any CPU
		{455F8F8C-2935-4A17-9C1F-CB6F28E4B358}.Ad-Hoc|ARM.ActiveCfg = Release|Any CPU
		{455F8F8C-2935-4A17-9C1F-CB6F28E4B358}.Ad-Hoc|ARM.Build.0 = Release|Any CPU
		{455F8F8C-2935-4A17-9C1F-CB6F28E4B358}.Ad-Hoc|ARM.Deploy.0 = Release|Any CPU
		{455F8F8C-2935-4A17-9C1F-CB6F28E4B358}.Ad-Hoc|iPhone.ActiveCfg = Release|Any CPU
		{455F8F8C-2935-4A17-9C1F-CB6F28E4B358}.Ad-Hoc|iPhone.Build.0 = Release|Any CPU
		{455F8F8C-2935-4A17-9C1F-CB6F28E4B358}.Ad-Hoc|iPhone.Deploy.0 = Release|Any CPU
		{455F8F8C-2935-4A17-9C1F-CB6F28E4B358}.Ad-Hoc|iPhoneSimulator.ActiveCfg = Release|Any CPU
		{455F8F8C-2935-4A17-9C1F-CB6F28E4B358}.Ad-Hoc|iPhoneSimulator.Build.0 = Release|Any CPU
		{455F8F8C-2935-4A17-9C1F-CB6F28E4B358}.Ad-Hoc|iPhoneSimulator.Deploy.0 = Release|Any CPU
		{455F8F8C-2935-4A17-9C1F-CB6F28E4B358}.Ad-Hoc|x64.ActiveCfg = Release|Any CPU
		{455F8F8C-2935-4A17-9C1F-CB6F28E4B358}.Ad-Hoc|x64.Build.0 = Release|Any CPU
		{455F8F8C-2935-4A17-9C1F-CB6F28E4B358}.Ad-Hoc|x64.Deploy.0 = Release|Any CPU
		{455F8F8C-2935-4A17-9C1F-CB6F28E4B358}.Ad-Hoc|x86.ActiveCfg = Release|Any CPU
		{455F8F8C-2935-4A17-9C1F-CB6F28E4B358}.Ad-Hoc|x86.Build.0 = Release|Any CPU
		{455F8F8C-2935-4A17-9C1F-CB6F28E4B358}.Ad-Hoc|x86.Deploy.0 = Release|Any CPU
		{455F8F8C-2935-4A17-9C1F-CB6F28E4B358}.AppStore|Any CPU.ActiveCfg = Release|Any CPU
		{455F8F8C-2935-4A17-9C1F-CB6F28E4B358}.AppStore|Any CPU.Build.0 = Release|Any CPU
		{455F8F8C-2935-4A17-9C1F-CB6F28E4B358}.AppStore|Any CPU.Deploy.0 = Release|Any CPU
		{455F8F8C-2935-4A17-9C1F-CB6F28E4B358}.AppStore|ARM.ActiveCfg = Release|Any CPU
		{455F8F8C-2935-4A17-9C1F-CB6F28E4B358}.AppStore|ARM.Build.0 = Release|Any CPU
		{455F8F8C-2935-4A17-9C1F-CB6F28E4B358}.AppStore|ARM.Deploy.0 = Release|Any CPU
		{455F8F8C-2935-4A17-9C1F-CB6F28E4B358}.AppStore|iPhone.ActiveCfg = Release|Any CPU
		{455F8F8C-2935-4A17-9C1F-CB6F28E4B358}.AppStore|iPhone.Build.0 = Release|Any CPU
		{455F8F8C-2935-4A17-9C1F-CB6F28E4B358}.AppStore|iPhone.Deploy.0 = Release|Any CPU
		{455F8F8C-2935-4A17-9C1F-CB6F28E4B358}.AppStore|iPhoneSimulator.ActiveCfg = Release|Any CPU
		{455F8F8C-2935-4A17-9C1F-CB6F28E4B358}.AppStore|iPhoneSimulator.Build.0 = Release|Any CPU
		{455F8F8C-2935-4A17-9C1F-CB6F28E4B358}.AppStore|iPhoneSimulator.Deploy.0 = Release|Any CPU
		{455F8F8C-2935-4A17-9C1F-CB6F28E4B358}.AppStore|x64.ActiveCfg = Release|Any CPU
		{455F8F8C-2935-4A17-9C1F-CB6F28E4B358}.AppStore|x64.Build.0 = Release|Any CPU
		{455F8F8C-2935-4A17-9C1F-CB6F28E4B358}.AppStore|x64.Deploy.0 = Release|Any CPU
		{455F8F8C-2935-4A17-9C1F-CB6F28E4B358}.AppStore|x86.ActiveCfg = Release|Any CPU
		{455F8F8C-2935-4A17-9C1F-CB6F28E4B358}.AppStore|x86.Build.0 = Release|Any CPU
		{455F8F8C-2935-4A17-9C1F-CB6F28E4B358}.AppStore|x86.Deploy.0 = Release|Any CPU
		{455F8F8C-2935-4A17-9C1F-CB6F28E4B358}.Debug|Any CPU.ActiveCfg = Debug|Any CPU
		{455F8F8C-2935-4A17-9C1F-CB6F28E4B358}.Debug|Any CPU.Build.0 = Debug|Any CPU
		{455F8F8C-2935-4A17-9C1F-CB6F28E4B358}.Debug|Any CPU.Deploy.0 = Debug|Any CPU
		{455F8F8C-2935-4A17-9C1F-CB6F28E4B358}.Debug|ARM.ActiveCfg = Debug|Any CPU
		{455F8F8C-2935-4A17-9C1F-CB6F28E4B358}.Debug|ARM.Build.0 = Debug|Any CPU
		{455F8F8C-2935-4A17-9C1F-CB6F28E4B358}.Debug|ARM.Deploy.0 = Debug|Any CPU
		{455F8F8C-2935-4A17-9C1F-CB6F28E4B358}.Debug|iPhone.ActiveCfg = Debug|Any CPU
		{455F8F8C-2935-4A17-9C1F-CB6F28E4B358}.Debug|iPhone.Build.0 = Debug|Any CPU
		{455F8F8C-2935-4A17-9C1F-CB6F28E4B358}.Debug|iPhone.Deploy.0 = Debug|Any CPU
		{455F8F8C-2935-4A17-9C1F-CB6F28E4B358}.Debug|iPhoneSimulator.ActiveCfg = Debug|Any CPU
		{455F8F8C-2935-4A17-9C1F-CB6F28E4B358}.Debug|iPhoneSimulator.Build.0 = Debug|Any CPU
		{455F8F8C-2935-4A17-9C1F-CB6F28E4B358}.Debug|iPhoneSimulator.Deploy.0 = Debug|Any CPU
		{455F8F8C-2935-4A17-9C1F-CB6F28E4B358}.Debug|x64.ActiveCfg = Debug|Any CPU
		{455F8F8C-2935-4A17-9C1F-CB6F28E4B358}.Debug|x64.Build.0 = Debug|Any CPU
		{455F8F8C-2935-4A17-9C1F-CB6F28E4B358}.Debug|x64.Deploy.0 = Debug|Any CPU
		{455F8F8C-2935-4A17-9C1F-CB6F28E4B358}.Debug|x86.ActiveCfg = Debug|Any CPU
		{455F8F8C-2935-4A17-9C1F-CB6F28E4B358}.Debug|x86.Build.0 = Debug|Any CPU
		{455F8F8C-2935-4A17-9C1F-CB6F28E4B358}.Debug|x86.Deploy.0 = Debug|Any CPU
		{455F8F8C-2935-4A17-9C1F-CB6F28E4B358}.Release|Any CPU.ActiveCfg = Release|Any CPU
		{455F8F8C-2935-4A17-9C1F-CB6F28E4B358}.Release|Any CPU.Build.0 = Release|Any CPU
		{455F8F8C-2935-4A17-9C1F-CB6F28E4B358}.Release|Any CPU.Deploy.0 = Release|Any CPU
		{455F8F8C-2935-4A17-9C1F-CB6F28E4B358}.Release|ARM.ActiveCfg = Release|Any CPU
		{455F8F8C-2935-4A17-9C1F-CB6F28E4B358}.Release|ARM.Build.0 = Release|Any CPU
		{455F8F8C-2935-4A17-9C1F-CB6F28E4B358}.Release|ARM.Deploy.0 = Release|Any CPU
		{455F8F8C-2935-4A17-9C1F-CB6F28E4B358}.Release|iPhone.ActiveCfg = Release|Any CPU
		{455F8F8C-2935-4A17-9C1F-CB6F28E4B358}.Release|iPhone.Build.0 = Release|Any CPU
		{455F8F8C-2935-4A17-9C1F-CB6F28E4B358}.Release|iPhone.Deploy.0 = Release|Any CPU
		{455F8F8C-2935-4A17-9C1F-CB6F28E4B358}.Release|iPhoneSimulator.ActiveCfg = Release|Any CPU
		{455F8F8C-2935-4A17-9C1F-CB6F28E4B358}.Release|iPhoneSimulator.Build.0 = Release|Any CPU
		{455F8F8C-2935-4A17-9C1F-CB6F28E4B358}.Release|iPhoneSimulator.Deploy.0 = Release|Any CPU
		{455F8F8C-2935-4A17-9C1F-CB6F28E4B358}.Release|x64.ActiveCfg = Release|Any CPU
		{455F8F8C-2935-4A17-9C1F-CB6F28E4B358}.Release|x64.Build.0 = Release|Any CPU
		{455F8F8C-2935-4A17-9C1F-CB6F28E4B358}.Release|x64.Deploy.0 = Release|Any CPU
		{455F8F8C-2935-4A17-9C1F-CB6F28E4B358}.Release|x86.ActiveCfg = Release|Any CPU
		{455F8F8C-2935-4A17-9C1F-CB6F28E4B358}.Release|x86.Build.0 = Release|Any CPU
		{455F8F8C-2935-4A17-9C1F-CB6F28E4B358}.Release|x86.Deploy.0 = Release|Any CPU
		{2B088DB0-56C8-4E34-A19A-8D2EE4D13819}.Ad-Hoc|Any CPU.ActiveCfg = Ad-Hoc|iPhone
		{2B088DB0-56C8-4E34-A19A-8D2EE4D13819}.Ad-Hoc|ARM.ActiveCfg = Ad-Hoc|iPhone
		{2B088DB0-56C8-4E34-A19A-8D2EE4D13819}.Ad-Hoc|iPhone.ActiveCfg = Ad-Hoc|iPhone
		{2B088DB0-56C8-4E34-A19A-8D2EE4D13819}.Ad-Hoc|iPhone.Build.0 = Ad-Hoc|iPhone
		{2B088DB0-56C8-4E34-A19A-8D2EE4D13819}.Ad-Hoc|iPhoneSimulator.ActiveCfg = Ad-Hoc|iPhoneSimulator
		{2B088DB0-56C8-4E34-A19A-8D2EE4D13819}.Ad-Hoc|iPhoneSimulator.Build.0 = Ad-Hoc|iPhoneSimulator
		{2B088DB0-56C8-4E34-A19A-8D2EE4D13819}.Ad-Hoc|x64.ActiveCfg = Ad-Hoc|iPhone
		{2B088DB0-56C8-4E34-A19A-8D2EE4D13819}.Ad-Hoc|x86.ActiveCfg = Ad-Hoc|iPhone
		{2B088DB0-56C8-4E34-A19A-8D2EE4D13819}.AppStore|Any CPU.ActiveCfg = AppStore|iPhone
		{2B088DB0-56C8-4E34-A19A-8D2EE4D13819}.AppStore|ARM.ActiveCfg = AppStore|iPhone
		{2B088DB0-56C8-4E34-A19A-8D2EE4D13819}.AppStore|iPhone.ActiveCfg = AppStore|iPhone
		{2B088DB0-56C8-4E34-A19A-8D2EE4D13819}.AppStore|iPhone.Build.0 = AppStore|iPhone
		{2B088DB0-56C8-4E34-A19A-8D2EE4D13819}.AppStore|iPhoneSimulator.ActiveCfg = AppStore|iPhoneSimulator
		{2B088DB0-56C8-4E34-A19A-8D2EE4D13819}.AppStore|iPhoneSimulator.Build.0 = AppStore|iPhoneSimulator
		{2B088DB0-56C8-4E34-A19A-8D2EE4D13819}.AppStore|x64.ActiveCfg = AppStore|iPhone
		{2B088DB0-56C8-4E34-A19A-8D2EE4D13819}.AppStore|x86.ActiveCfg = AppStore|iPhone
		{2B088DB0-56C8-4E34-A19A-8D2EE4D13819}.Debug|Any CPU.ActiveCfg = Debug|iPhone
		{2B088DB0-56C8-4E34-A19A-8D2EE4D13819}.Debug|ARM.ActiveCfg = Debug|iPhone
		{2B088DB0-56C8-4E34-A19A-8D2EE4D13819}.Debug|iPhone.ActiveCfg = Debug|iPhone
		{2B088DB0-56C8-4E34-A19A-8D2EE4D13819}.Debug|iPhone.Build.0 = Debug|iPhone
		{2B088DB0-56C8-4E34-A19A-8D2EE4D13819}.Debug|iPhoneSimulator.ActiveCfg = Debug|iPhoneSimulator
		{2B088DB0-56C8-4E34-A19A-8D2EE4D13819}.Debug|iPhoneSimulator.Build.0 = Debug|iPhoneSimulator
		{2B088DB0-56C8-4E34-A19A-8D2EE4D13819}.Debug|x64.ActiveCfg = Debug|iPhone
		{2B088DB0-56C8-4E34-A19A-8D2EE4D13819}.Debug|x86.ActiveCfg = Debug|iPhone
		{2B088DB0-56C8-4E34-A19A-8D2EE4D13819}.Release|Any CPU.ActiveCfg = Release|iPhone
		{2B088DB0-56C8-4E34-A19A-8D2EE4D13819}.Release|ARM.ActiveCfg = Release|iPhone
		{2B088DB0-56C8-4E34-A19A-8D2EE4D13819}.Release|iPhone.ActiveCfg = Release|iPhone
		{2B088DB0-56C8-4E34-A19A-8D2EE4D13819}.Release|iPhone.Build.0 = Release|iPhone
		{2B088DB0-56C8-4E34-A19A-8D2EE4D13819}.Release|iPhoneSimulator.ActiveCfg = Release|iPhoneSimulator
		{2B088DB0-56C8-4E34-A19A-8D2EE4D13819}.Release|iPhoneSimulator.Build.0 = Release|iPhoneSimulator
		{2B088DB0-56C8-4E34-A19A-8D2EE4D13819}.Release|x64.ActiveCfg = Release|iPhone
		{2B088DB0-56C8-4E34-A19A-8D2EE4D13819}.Release|x86.ActiveCfg = Release|iPhone
		{19C506ED-67F2-4A77-B15C-E3389976B69F}.Ad-Hoc|Any CPU.ActiveCfg = Release|Any CPU
		{19C506ED-67F2-4A77-B15C-E3389976B69F}.Ad-Hoc|Any CPU.Build.0 = Release|Any CPU
		{19C506ED-67F2-4A77-B15C-E3389976B69F}.Ad-Hoc|Any CPU.Deploy.0 = Release|Any CPU
		{19C506ED-67F2-4A77-B15C-E3389976B69F}.Ad-Hoc|ARM.ActiveCfg = Release|ARM
		{19C506ED-67F2-4A77-B15C-E3389976B69F}.Ad-Hoc|ARM.Build.0 = Release|ARM
		{19C506ED-67F2-4A77-B15C-E3389976B69F}.Ad-Hoc|ARM.Deploy.0 = Release|ARM
		{19C506ED-67F2-4A77-B15C-E3389976B69F}.Ad-Hoc|iPhone.ActiveCfg = Release|Any CPU
		{19C506ED-67F2-4A77-B15C-E3389976B69F}.Ad-Hoc|iPhone.Build.0 = Release|Any CPU
		{19C506ED-67F2-4A77-B15C-E3389976B69F}.Ad-Hoc|iPhone.Deploy.0 = Release|Any CPU
		{19C506ED-67F2-4A77-B15C-E3389976B69F}.Ad-Hoc|iPhoneSimulator.ActiveCfg = Release|Any CPU
		{19C506ED-67F2-4A77-B15C-E3389976B69F}.Ad-Hoc|iPhoneSimulator.Build.0 = Release|Any CPU
		{19C506ED-67F2-4A77-B15C-E3389976B69F}.Ad-Hoc|iPhoneSimulator.Deploy.0 = Release|Any CPU
		{19C506ED-67F2-4A77-B15C-E3389976B69F}.Ad-Hoc|x64.ActiveCfg = Release|Any CPU
		{19C506ED-67F2-4A77-B15C-E3389976B69F}.Ad-Hoc|x64.Build.0 = Release|Any CPU
		{19C506ED-67F2-4A77-B15C-E3389976B69F}.Ad-Hoc|x64.Deploy.0 = Release|Any CPU
		{19C506ED-67F2-4A77-B15C-E3389976B69F}.Ad-Hoc|x86.ActiveCfg = Release|x86
		{19C506ED-67F2-4A77-B15C-E3389976B69F}.Ad-Hoc|x86.Build.0 = Release|x86
		{19C506ED-67F2-4A77-B15C-E3389976B69F}.Ad-Hoc|x86.Deploy.0 = Release|x86
		{19C506ED-67F2-4A77-B15C-E3389976B69F}.AppStore|Any CPU.ActiveCfg = Release|Any CPU
		{19C506ED-67F2-4A77-B15C-E3389976B69F}.AppStore|Any CPU.Build.0 = Release|Any CPU
		{19C506ED-67F2-4A77-B15C-E3389976B69F}.AppStore|Any CPU.Deploy.0 = Release|Any CPU
		{19C506ED-67F2-4A77-B15C-E3389976B69F}.AppStore|ARM.ActiveCfg = Release|ARM
		{19C506ED-67F2-4A77-B15C-E3389976B69F}.AppStore|ARM.Build.0 = Release|ARM
		{19C506ED-67F2-4A77-B15C-E3389976B69F}.AppStore|ARM.Deploy.0 = Release|ARM
		{19C506ED-67F2-4A77-B15C-E3389976B69F}.AppStore|iPhone.ActiveCfg = Release|Any CPU
		{19C506ED-67F2-4A77-B15C-E3389976B69F}.AppStore|iPhone.Build.0 = Release|Any CPU
		{19C506ED-67F2-4A77-B15C-E3389976B69F}.AppStore|iPhone.Deploy.0 = Release|Any CPU
		{19C506ED-67F2-4A77-B15C-E3389976B69F}.AppStore|iPhoneSimulator.ActiveCfg = Release|Any CPU
		{19C506ED-67F2-4A77-B15C-E3389976B69F}.AppStore|iPhoneSimulator.Build.0 = Release|Any CPU
		{19C506ED-67F2-4A77-B15C-E3389976B69F}.AppStore|iPhoneSimulator.Deploy.0 = Release|Any CPU
		{19C506ED-67F2-4A77-B15C-E3389976B69F}.AppStore|x64.ActiveCfg = Release|Any CPU
		{19C506ED-67F2-4A77-B15C-E3389976B69F}.AppStore|x64.Build.0 = Release|Any CPU
		{19C506ED-67F2-4A77-B15C-E3389976B69F}.AppStore|x64.Deploy.0 = Release|Any CPU
		{19C506ED-67F2-4A77-B15C-E3389976B69F}.AppStore|x86.ActiveCfg = Release|x86
		{19C506ED-67F2-4A77-B15C-E3389976B69F}.AppStore|x86.Build.0 = Release|x86
		{19C506ED-67F2-4A77-B15C-E3389976B69F}.AppStore|x86.Deploy.0 = Release|x86
		{19C506ED-67F2-4A77-B15C-E3389976B69F}.Debug|Any CPU.ActiveCfg = Debug|Any CPU
		{19C506ED-67F2-4A77-B15C-E3389976B69F}.Debug|Any CPU.Build.0 = Debug|Any CPU
		{19C506ED-67F2-4A77-B15C-E3389976B69F}.Debug|Any CPU.Deploy.0 = Debug|Any CPU
		{19C506ED-67F2-4A77-B15C-E3389976B69F}.Debug|ARM.ActiveCfg = Debug|ARM
		{19C506ED-67F2-4A77-B15C-E3389976B69F}.Debug|ARM.Build.0 = Debug|ARM
		{19C506ED-67F2-4A77-B15C-E3389976B69F}.Debug|ARM.Deploy.0 = Debug|ARM
		{19C506ED-67F2-4A77-B15C-E3389976B69F}.Debug|iPhone.ActiveCfg = Debug|Any CPU
		{19C506ED-67F2-4A77-B15C-E3389976B69F}.Debug|iPhone.Build.0 = Debug|Any CPU
		{19C506ED-67F2-4A77-B15C-E3389976B69F}.Debug|iPhone.Deploy.0 = Debug|Any CPU
		{19C506ED-67F2-4A77-B15C-E3389976B69F}.Debug|iPhoneSimulator.ActiveCfg = Debug|Any CPU
		{19C506ED-67F2-4A77-B15C-E3389976B69F}.Debug|iPhoneSimulator.Build.0 = Debug|Any CPU
		{19C506ED-67F2-4A77-B15C-E3389976B69F}.Debug|iPhoneSimulator.Deploy.0 = Debug|Any CPU
		{19C506ED-67F2-4A77-B15C-E3389976B69F}.Debug|x64.ActiveCfg = Debug|Any CPU
		{19C506ED-67F2-4A77-B15C-E3389976B69F}.Debug|x64.Build.0 = Debug|Any CPU
		{19C506ED-67F2-4A77-B15C-E3389976B69F}.Debug|x64.Deploy.0 = Debug|Any CPU
		{19C506ED-67F2-4A77-B15C-E3389976B69F}.Debug|x86.ActiveCfg = Debug|x86
		{19C506ED-67F2-4A77-B15C-E3389976B69F}.Debug|x86.Build.0 = Debug|x86
		{19C506ED-67F2-4A77-B15C-E3389976B69F}.Debug|x86.Deploy.0 = Debug|x86
		{19C506ED-67F2-4A77-B15C-E3389976B69F}.Release|Any CPU.ActiveCfg = Release|Any CPU
		{19C506ED-67F2-4A77-B15C-E3389976B69F}.Release|Any CPU.Build.0 = Release|Any CPU
		{19C506ED-67F2-4A77-B15C-E3389976B69F}.Release|Any CPU.Deploy.0 = Release|Any CPU
		{19C506ED-67F2-4A77-B15C-E3389976B69F}.Release|ARM.ActiveCfg = Release|ARM
		{19C506ED-67F2-4A77-B15C-E3389976B69F}.Release|ARM.Build.0 = Release|ARM
		{19C506ED-67F2-4A77-B15C-E3389976B69F}.Release|ARM.Deploy.0 = Release|ARM
		{19C506ED-67F2-4A77-B15C-E3389976B69F}.Release|iPhone.ActiveCfg = Release|Any CPU
		{19C506ED-67F2-4A77-B15C-E3389976B69F}.Release|iPhone.Build.0 = Release|Any CPU
		{19C506ED-67F2-4A77-B15C-E3389976B69F}.Release|iPhone.Deploy.0 = Release|Any CPU
		{19C506ED-67F2-4A77-B15C-E3389976B69F}.Release|iPhoneSimulator.ActiveCfg = Release|Any CPU
		{19C506ED-67F2-4A77-B15C-E3389976B69F}.Release|iPhoneSimulator.Build.0 = Release|Any CPU
		{19C506ED-67F2-4A77-B15C-E3389976B69F}.Release|iPhoneSimulator.Deploy.0 = Release|Any CPU
		{19C506ED-67F2-4A77-B15C-E3389976B69F}.Release|x64.ActiveCfg = Release|Any CPU
		{19C506ED-67F2-4A77-B15C-E3389976B69F}.Release|x64.Build.0 = Release|Any CPU
		{19C506ED-67F2-4A77-B15C-E3389976B69F}.Release|x64.Deploy.0 = Release|Any CPU
		{19C506ED-67F2-4A77-B15C-E3389976B69F}.Release|x86.ActiveCfg = Release|x86
		{19C506ED-67F2-4A77-B15C-E3389976B69F}.Release|x86.Build.0 = Release|x86
		{19C506ED-67F2-4A77-B15C-E3389976B69F}.Release|x86.Deploy.0 = Release|x86
		{90879C09-A560-441C-B68A-690C3359CA08}.Ad-Hoc|Any CPU.ActiveCfg = Release|x86
		{90879C09-A560-441C-B68A-690C3359CA08}.Ad-Hoc|Any CPU.Build.0 = Release|x86
		{90879C09-A560-441C-B68A-690C3359CA08}.Ad-Hoc|Any CPU.Deploy.0 = Release|x86
		{90879C09-A560-441C-B68A-690C3359CA08}.Ad-Hoc|ARM.ActiveCfg = Release|ARM
		{90879C09-A560-441C-B68A-690C3359CA08}.Ad-Hoc|ARM.Build.0 = Release|ARM
		{90879C09-A560-441C-B68A-690C3359CA08}.Ad-Hoc|ARM.Deploy.0 = Release|ARM
		{90879C09-A560-441C-B68A-690C3359CA08}.Ad-Hoc|iPhone.ActiveCfg = Release|x86
		{90879C09-A560-441C-B68A-690C3359CA08}.Ad-Hoc|iPhone.Build.0 = Release|x86
		{90879C09-A560-441C-B68A-690C3359CA08}.Ad-Hoc|iPhone.Deploy.0 = Release|x86
		{90879C09-A560-441C-B68A-690C3359CA08}.Ad-Hoc|iPhoneSimulator.ActiveCfg = Release|x86
		{90879C09-A560-441C-B68A-690C3359CA08}.Ad-Hoc|iPhoneSimulator.Build.0 = Release|x86
		{90879C09-A560-441C-B68A-690C3359CA08}.Ad-Hoc|iPhoneSimulator.Deploy.0 = Release|x86
		{90879C09-A560-441C-B68A-690C3359CA08}.Ad-Hoc|x64.ActiveCfg = Release|x64
		{90879C09-A560-441C-B68A-690C3359CA08}.Ad-Hoc|x64.Build.0 = Release|x64
		{90879C09-A560-441C-B68A-690C3359CA08}.Ad-Hoc|x64.Deploy.0 = Release|x64
		{90879C09-A560-441C-B68A-690C3359CA08}.Ad-Hoc|x86.ActiveCfg = Release|x86
		{90879C09-A560-441C-B68A-690C3359CA08}.Ad-Hoc|x86.Build.0 = Release|x86
		{90879C09-A560-441C-B68A-690C3359CA08}.Ad-Hoc|x86.Deploy.0 = Release|x86
		{90879C09-A560-441C-B68A-690C3359CA08}.AppStore|Any CPU.ActiveCfg = Release|x86
		{90879C09-A560-441C-B68A-690C3359CA08}.AppStore|Any CPU.Build.0 = Release|x86
		{90879C09-A560-441C-B68A-690C3359CA08}.AppStore|Any CPU.Deploy.0 = Release|x86
		{90879C09-A560-441C-B68A-690C3359CA08}.AppStore|ARM.ActiveCfg = Release|ARM
		{90879C09-A560-441C-B68A-690C3359CA08}.AppStore|ARM.Build.0 = Release|ARM
		{90879C09-A560-441C-B68A-690C3359CA08}.AppStore|ARM.Deploy.0 = Release|ARM
		{90879C09-A560-441C-B68A-690C3359CA08}.AppStore|iPhone.ActiveCfg = Release|x86
		{90879C09-A560-441C-B68A-690C3359CA08}.AppStore|iPhone.Build.0 = Release|x86
		{90879C09-A560-441C-B68A-690C3359CA08}.AppStore|iPhone.Deploy.0 = Release|x86
		{90879C09-A560-441C-B68A-690C3359CA08}.AppStore|iPhoneSimulator.ActiveCfg = Release|x86
		{90879C09-A560-441C-B68A-690C3359CA08}.AppStore|iPhoneSimulator.Build.0 = Release|x86
		{90879C09-A560-441C-B68A-690C3359CA08}.AppStore|iPhoneSimulator.Deploy.0 = Release|x86
		{90879C09-A560-441C-B68A-690C3359CA08}.AppStore|x64.ActiveCfg = Release|x64
		{90879C09-A560-441C-B68A-690C3359CA08}.AppStore|x64.Build.0 = Release|x64
		{90879C09-A560-441C-B68A-690C3359CA08}.AppStore|x64.Deploy.0 = Release|x64
		{90879C09-A560-441C-B68A-690C3359CA08}.AppStore|x86.ActiveCfg = Release|x86
		{90879C09-A560-441C-B68A-690C3359CA08}.AppStore|x86.Build.0 = Release|x86
		{90879C09-A560-441C-B68A-690C3359CA08}.AppStore|x86.Deploy.0 = Release|x86
		{90879C09-A560-441C-B68A-690C3359CA08}.Debug|Any CPU.ActiveCfg = Debug|x86
		{90879C09-A560-441C-B68A-690C3359CA08}.Debug|ARM.ActiveCfg = Debug|ARM
		{90879C09-A560-441C-B68A-690C3359CA08}.Debug|ARM.Build.0 = Debug|ARM
		{90879C09-A560-441C-B68A-690C3359CA08}.Debug|ARM.Deploy.0 = Debug|ARM
		{90879C09-A560-441C-B68A-690C3359CA08}.Debug|iPhone.ActiveCfg = Debug|x86
		{90879C09-A560-441C-B68A-690C3359CA08}.Debug|iPhoneSimulator.ActiveCfg = Debug|x86
		{90879C09-A560-441C-B68A-690C3359CA08}.Debug|x64.ActiveCfg = Debug|x64
		{90879C09-A560-441C-B68A-690C3359CA08}.Debug|x64.Build.0 = Debug|x64
		{90879C09-A560-441C-B68A-690C3359CA08}.Debug|x64.Deploy.0 = Debug|x64
		{90879C09-A560-441C-B68A-690C3359CA08}.Debug|x86.ActiveCfg = Debug|x86
		{90879C09-A560-441C-B68A-690C3359CA08}.Debug|x86.Build.0 = Debug|x86
		{90879C09-A560-441C-B68A-690C3359CA08}.Debug|x86.Deploy.0 = Debug|x86
		{90879C09-A560-441C-B68A-690C3359CA08}.Release|Any CPU.ActiveCfg = Release|x86
		{90879C09-A560-441C-B68A-690C3359CA08}.Release|ARM.ActiveCfg = Release|ARM
		{90879C09-A560-441C-B68A-690C3359CA08}.Release|ARM.Build.0 = Release|ARM
		{90879C09-A560-441C-B68A-690C3359CA08}.Release|ARM.Deploy.0 = Release|ARM
		{90879C09-A560-441C-B68A-690C3359CA08}.Release|iPhone.ActiveCfg = Release|x86
		{90879C09-A560-441C-B68A-690C3359CA08}.Release|iPhoneSimulator.ActiveCfg = Release|x86
		{90879C09-A560-441C-B68A-690C3359CA08}.Release|x64.ActiveCfg = Release|x64
		{90879C09-A560-441C-B68A-690C3359CA08}.Release|x64.Build.0 = Release|x64
		{90879C09-A560-441C-B68A-690C3359CA08}.Release|x64.Deploy.0 = Release|x64
		{90879C09-A560-441C-B68A-690C3359CA08}.Release|x86.ActiveCfg = Release|x86
		{90879C09-A560-441C-B68A-690C3359CA08}.Release|x86.Build.0 = Release|x86
		{90879C09-A560-441C-B68A-690C3359CA08}.Release|x86.Deploy.0 = Release|x86
		{DA9ADFB6-CAA4-40C5-AA82-3C51E8AADAA1}.Ad-Hoc|Any CPU.ActiveCfg = Release|Any CPU
		{DA9ADFB6-CAA4-40C5-AA82-3C51E8AADAA1}.Ad-Hoc|Any CPU.Build.0 = Release|Any CPU
		{DA9ADFB6-CAA4-40C5-AA82-3C51E8AADAA1}.Ad-Hoc|Any CPU.Deploy.0 = Release|Any CPU
		{DA9ADFB6-CAA4-40C5-AA82-3C51E8AADAA1}.Ad-Hoc|ARM.ActiveCfg = Release|ARM
		{DA9ADFB6-CAA4-40C5-AA82-3C51E8AADAA1}.Ad-Hoc|ARM.Build.0 = Release|ARM
		{DA9ADFB6-CAA4-40C5-AA82-3C51E8AADAA1}.Ad-Hoc|ARM.Deploy.0 = Release|ARM
		{DA9ADFB6-CAA4-40C5-AA82-3C51E8AADAA1}.Ad-Hoc|iPhone.ActiveCfg = Release|Any CPU
		{DA9ADFB6-CAA4-40C5-AA82-3C51E8AADAA1}.Ad-Hoc|iPhone.Build.0 = Release|Any CPU
		{DA9ADFB6-CAA4-40C5-AA82-3C51E8AADAA1}.Ad-Hoc|iPhone.Deploy.0 = Release|Any CPU
		{DA9ADFB6-CAA4-40C5-AA82-3C51E8AADAA1}.Ad-Hoc|iPhoneSimulator.ActiveCfg = Release|Any CPU
		{DA9ADFB6-CAA4-40C5-AA82-3C51E8AADAA1}.Ad-Hoc|iPhoneSimulator.Build.0 = Release|Any CPU
		{DA9ADFB6-CAA4-40C5-AA82-3C51E8AADAA1}.Ad-Hoc|iPhoneSimulator.Deploy.0 = Release|Any CPU
		{DA9ADFB6-CAA4-40C5-AA82-3C51E8AADAA1}.Ad-Hoc|x64.ActiveCfg = Release|x64
		{DA9ADFB6-CAA4-40C5-AA82-3C51E8AADAA1}.Ad-Hoc|x64.Build.0 = Release|x64
		{DA9ADFB6-CAA4-40C5-AA82-3C51E8AADAA1}.Ad-Hoc|x64.Deploy.0 = Release|x64
		{DA9ADFB6-CAA4-40C5-AA82-3C51E8AADAA1}.Ad-Hoc|x86.ActiveCfg = Release|x86
		{DA9ADFB6-CAA4-40C5-AA82-3C51E8AADAA1}.Ad-Hoc|x86.Build.0 = Release|x86
		{DA9ADFB6-CAA4-40C5-AA82-3C51E8AADAA1}.Ad-Hoc|x86.Deploy.0 = Release|x86
		{DA9ADFB6-CAA4-40C5-AA82-3C51E8AADAA1}.AppStore|Any CPU.ActiveCfg = Release|Any CPU
		{DA9ADFB6-CAA4-40C5-AA82-3C51E8AADAA1}.AppStore|Any CPU.Build.0 = Release|Any CPU
		{DA9ADFB6-CAA4-40C5-AA82-3C51E8AADAA1}.AppStore|Any CPU.Deploy.0 = Release|Any CPU
		{DA9ADFB6-CAA4-40C5-AA82-3C51E8AADAA1}.AppStore|ARM.ActiveCfg = Release|ARM
		{DA9ADFB6-CAA4-40C5-AA82-3C51E8AADAA1}.AppStore|ARM.Build.0 = Release|ARM
		{DA9ADFB6-CAA4-40C5-AA82-3C51E8AADAA1}.AppStore|ARM.Deploy.0 = Release|ARM
		{DA9ADFB6-CAA4-40C5-AA82-3C51E8AADAA1}.AppStore|iPhone.ActiveCfg = Release|Any CPU
		{DA9ADFB6-CAA4-40C5-AA82-3C51E8AADAA1}.AppStore|iPhone.Build.0 = Release|Any CPU
		{DA9ADFB6-CAA4-40C5-AA82-3C51E8AADAA1}.AppStore|iPhone.Deploy.0 = Release|Any CPU
		{DA9ADFB6-CAA4-40C5-AA82-3C51E8AADAA1}.AppStore|iPhoneSimulator.ActiveCfg = Release|Any CPU
		{DA9ADFB6-CAA4-40C5-AA82-3C51E8AADAA1}.AppStore|iPhoneSimulator.Build.0 = Release|Any CPU
		{DA9ADFB6-CAA4-40C5-AA82-3C51E8AADAA1}.AppStore|iPhoneSimulator.Deploy.0 = Release|Any CPU
		{DA9ADFB6-CAA4-40C5-AA82-3C51E8AADAA1}.AppStore|x64.ActiveCfg = Release|x64
		{DA9ADFB6-CAA4-40C5-AA82-3C51E8AADAA1}.AppStore|x64.Build.0 = Release|x64
		{DA9ADFB6-CAA4-40C5-AA82-3C51E8AADAA1}.AppStore|x64.Deploy.0 = Release|x64
		{DA9ADFB6-CAA4-40C5-AA82-3C51E8AADAA1}.AppStore|x86.ActiveCfg = Release|x86
		{DA9ADFB6-CAA4-40C5-AA82-3C51E8AADAA1}.AppStore|x86.Build.0 = Release|x86
		{DA9ADFB6-CAA4-40C5-AA82-3C51E8AADAA1}.AppStore|x86.Deploy.0 = Release|x86
		{DA9ADFB6-CAA4-40C5-AA82-3C51E8AADAA1}.Debug|Any CPU.ActiveCfg = Debug|Any CPU
		{DA9ADFB6-CAA4-40C5-AA82-3C51E8AADAA1}.Debug|Any CPU.Build.0 = Debug|Any CPU
		{DA9ADFB6-CAA4-40C5-AA82-3C51E8AADAA1}.Debug|Any CPU.Deploy.0 = Debug|Any CPU
		{DA9ADFB6-CAA4-40C5-AA82-3C51E8AADAA1}.Debug|ARM.ActiveCfg = Debug|ARM
		{DA9ADFB6-CAA4-40C5-AA82-3C51E8AADAA1}.Debug|ARM.Build.0 = Debug|ARM
		{DA9ADFB6-CAA4-40C5-AA82-3C51E8AADAA1}.Debug|ARM.Deploy.0 = Debug|ARM
		{DA9ADFB6-CAA4-40C5-AA82-3C51E8AADAA1}.Debug|iPhone.ActiveCfg = Debug|Any CPU
		{DA9ADFB6-CAA4-40C5-AA82-3C51E8AADAA1}.Debug|iPhone.Build.0 = Debug|Any CPU
		{DA9ADFB6-CAA4-40C5-AA82-3C51E8AADAA1}.Debug|iPhone.Deploy.0 = Debug|Any CPU
		{DA9ADFB6-CAA4-40C5-AA82-3C51E8AADAA1}.Debug|iPhoneSimulator.ActiveCfg = Debug|Any CPU
		{DA9ADFB6-CAA4-40C5-AA82-3C51E8AADAA1}.Debug|iPhoneSimulator.Build.0 = Debug|Any CPU
		{DA9ADFB6-CAA4-40C5-AA82-3C51E8AADAA1}.Debug|iPhoneSimulator.Deploy.0 = Debug|Any CPU
		{DA9ADFB6-CAA4-40C5-AA82-3C51E8AADAA1}.Debug|x64.ActiveCfg = Debug|x64
		{DA9ADFB6-CAA4-40C5-AA82-3C51E8AADAA1}.Debug|x64.Build.0 = Debug|x64
		{DA9ADFB6-CAA4-40C5-AA82-3C51E8AADAA1}.Debug|x64.Deploy.0 = Debug|x64
		{DA9ADFB6-CAA4-40C5-AA82-3C51E8AADAA1}.Debug|x86.ActiveCfg = Debug|x86
		{DA9ADFB6-CAA4-40C5-AA82-3C51E8AADAA1}.Debug|x86.Build.0 = Debug|x86
		{DA9ADFB6-CAA4-40C5-AA82-3C51E8AADAA1}.Debug|x86.Deploy.0 = Debug|x86
		{DA9ADFB6-CAA4-40C5-AA82-3C51E8AADAA1}.Release|Any CPU.ActiveCfg = Release|Any CPU
		{DA9ADFB6-CAA4-40C5-AA82-3C51E8AADAA1}.Release|Any CPU.Build.0 = Release|Any CPU
		{DA9ADFB6-CAA4-40C5-AA82-3C51E8AADAA1}.Release|Any CPU.Deploy.0 = Release|Any CPU
		{DA9ADFB6-CAA4-40C5-AA82-3C51E8AADAA1}.Release|ARM.ActiveCfg = Release|ARM
		{DA9ADFB6-CAA4-40C5-AA82-3C51E8AADAA1}.Release|ARM.Build.0 = Release|ARM
		{DA9ADFB6-CAA4-40C5-AA82-3C51E8AADAA1}.Release|ARM.Deploy.0 = Release|ARM
		{DA9ADFB6-CAA4-40C5-AA82-3C51E8AADAA1}.Release|iPhone.ActiveCfg = Release|Any CPU
		{DA9ADFB6-CAA4-40C5-AA82-3C51E8AADAA1}.Release|iPhone.Build.0 = Release|Any CPU
		{DA9ADFB6-CAA4-40C5-AA82-3C51E8AADAA1}.Release|iPhone.Deploy.0 = Release|Any CPU
		{DA9ADFB6-CAA4-40C5-AA82-3C51E8AADAA1}.Release|iPhoneSimulator.ActiveCfg = Release|Any CPU
		{DA9ADFB6-CAA4-40C5-AA82-3C51E8AADAA1}.Release|iPhoneSimulator.Build.0 = Release|Any CPU
		{DA9ADFB6-CAA4-40C5-AA82-3C51E8AADAA1}.Release|iPhoneSimulator.Deploy.0 = Release|Any CPU
		{DA9ADFB6-CAA4-40C5-AA82-3C51E8AADAA1}.Release|x64.ActiveCfg = Release|x64
		{DA9ADFB6-CAA4-40C5-AA82-3C51E8AADAA1}.Release|x64.Build.0 = Release|x64
		{DA9ADFB6-CAA4-40C5-AA82-3C51E8AADAA1}.Release|x64.Deploy.0 = Release|x64
		{DA9ADFB6-CAA4-40C5-AA82-3C51E8AADAA1}.Release|x86.ActiveCfg = Release|x86
		{DA9ADFB6-CAA4-40C5-AA82-3C51E8AADAA1}.Release|x86.Build.0 = Release|x86
		{DA9ADFB6-CAA4-40C5-AA82-3C51E8AADAA1}.Release|x86.Deploy.0 = Release|x86
	EndGlobalSection
	GlobalSection(SolutionProperties) = preSolution
		HideSolutionNode = FALSE
	EndGlobalSection
EndGlobal
